
Microsoft Visual Studio Solution File, Format Version 12.00
# Visual Studio Version 17
VisualStudioVersion = 17.13.35825.156 d17.13
MinimumVisualStudioVersion = 10.0.40219.1
Project("{FAE04EC0-301F-11D3-BF4B-00C04F79EFBC}") = "u22710362_Practical2", "u22710362_Practical2\u22710362_Practical2.csproj", "{344F8934-BC74-44FE-9E34-35D61062BCCD}"
EndProject
Global
	GlobalSection(SolutionConfigurationPlatforms) = preSolution
		Debug|Any CPU = Debug|Any CPU
		Release|Any CPU = Release|Any CPU
	EndGlobalSection
	GlobalSection(ProjectConfigurationPlatforms) = postSolution
		{344F8934-BC74-44FE-9E34-35D61062BCCD}.Debug|Any CPU.ActiveCfg = Debug|Any CPU
		{344F8934-BC74-44FE-9E34-35D61062BCCD}.Debug|Any CPU.Build.0 = Debug|Any CPU
		{344F8934-BC74-44FE-9E34-35D61062BCCD}.Release|Any CPU.ActiveCfg = Release|Any CPU
		{344F8934-BC74-44FE-9E34-35D61062BCCD}.Release|Any CPU.Build.0 = Release|Any CPU
	EndGlobalSection
	GlobalSection(SolutionProperties) = preSolution
		HideSolutionNode = FALSE
	EndGlobalSection
	GlobalSection(ExtensibilityGlobals) = postSolution
		SolutionGuid = {F381E660-8522-46CC-882A-A2C70F61E4EF}
	EndGlobalSection
EndGlobal
